
Microsoft Visual Studio Solution File, Format Version 12.00
# Visual Studio Version 16
VisualStudioVersion = 16.0.29326.143
MinimumVisualStudioVersion = 10.0.40219.1
Project("{FAE04EC0-301F-11D3-BF4B-00C04F79EFBC}") = "SikayetFrm", "SikayetFrm\SikayetFrm.csproj", "{091E0C0E-DC29-4C93-AF2E-70450163F4BA}"
EndProject
Global
	GlobalSection(SolutionConfigurationPlatforms) = preSolution
		Debug|Any CPU = Debug|Any CPU
		Release|Any CPU = Release|Any CPU
	EndGlobalSection
	GlobalSection(ProjectConfigurationPlatforms) = postSolution
		{091E0C0E-DC29-4C93-AF2E-70450163F4BA}.Debug|Any CPU.ActiveCfg = Debug|Any CPU
		{091E0C0E-DC29-4C93-AF2E-70450163F4BA}.Debug|Any CPU.Build.0 = Debug|Any CPU
		{091E0C0E-DC29-4C93-AF2E-70450163F4BA}.Release|Any CPU.ActiveCfg = Release|Any CPU
		{091E0C0E-DC29-4C93-AF2E-70450163F4BA}.Release|Any CPU.Build.0 = Release|Any CPU
	EndGlobalSection
	GlobalSection(SolutionProperties) = preSolution
		HideSolutionNode = FALSE
	EndGlobalSection
	GlobalSection(ExtensibilityGlobals) = postSolution
		SolutionGuid = {79A58548-55D9-42B2-AEB2-05683DE87376}
	EndGlobalSection
EndGlobal
